
Microsoft Visual Studio Solution File, Format Version 12.00
# Visual Studio 15
VisualStudioVersion = 15.0.27703.2042
MinimumVisualStudioVersion = 10.0.40219.1
Project("{FAE04EC0-301F-11D3-BF4B-00C04F79EFBC}") = "HotelSDK(DEPRECATED)", "HotelSDK\HotelSDK(DEPRECATED).csproj", "{26B44633-2BE2-4758-A0C5-DA16AFC00E5D}"
EndProject
Project("{9A19103F-16F7-4668-BE54-9A1E7A4F7556}") = "Hotel32.API", "Hotel32.API\Hotel32.API.csproj", "{A03401A5-B5EB-4FCB-A710-49DF02E15E86}"
EndProject
Project("{FAE04EC0-301F-11D3-BF4B-00C04F79EFBC}") = "Hotel32.UI", "Hotel32.UI\Hotel32.UI.csproj", "{E46BF5FC-79E3-4D07-AD15-4F214656F254}"
EndProject
Project("{9A19103F-16F7-4668-BE54-9A1E7A4F7556}") = "Hotel32.API.Test", "Hotel32.API.Test\Hotel32.API.Test.csproj", "{63948352-48E6-4CAF-A161-C4D16227D065}"
EndProject
Project("{FAE04EC0-301F-11D3-BF4B-00C04F79EFBC}") = "Hotel32.Domain", "Hotel32.Domain\Hotel32.Domain.csproj", "{74576902-BE75-447E-9606-55403F1449F2}"
EndProject
Global
	GlobalSection(SolutionConfigurationPlatforms) = preSolution
		Debug|Any CPU = Debug|Any CPU
		Release|Any CPU = Release|Any CPU
	EndGlobalSection
	GlobalSection(ProjectConfigurationPlatforms) = postSolution
		{26B44633-2BE2-4758-A0C5-DA16AFC00E5D}.Debug|Any CPU.ActiveCfg = Debug|Any CPU
		{26B44633-2BE2-4758-A0C5-DA16AFC00E5D}.Debug|Any CPU.Build.0 = Debug|Any CPU
		{26B44633-2BE2-4758-A0C5-DA16AFC00E5D}.Release|Any CPU.ActiveCfg = Release|Any CPU
		{26B44633-2BE2-4758-A0C5-DA16AFC00E5D}.Release|Any CPU.Build.0 = Release|Any CPU
		{A03401A5-B5EB-4FCB-A710-49DF02E15E86}.Debug|Any CPU.ActiveCfg = Debug|Any CPU
		{A03401A5-B5EB-4FCB-A710-49DF02E15E86}.Debug|Any CPU.Build.0 = Debug|Any CPU
		{A03401A5-B5EB-4FCB-A710-49DF02E15E86}.Release|Any CPU.ActiveCfg = Release|Any CPU
		{A03401A5-B5EB-4FCB-A710-49DF02E15E86}.Release|Any CPU.Build.0 = Release|Any CPU
		{E46BF5FC-79E3-4D07-AD15-4F214656F254}.Debug|Any CPU.ActiveCfg = Debug|Any CPU
		{E46BF5FC-79E3-4D07-AD15-4F214656F254}.Debug|Any CPU.Build.0 = Debug|Any CPU
		{E46BF5FC-79E3-4D07-AD15-4F214656F254}.Release|Any CPU.ActiveCfg = Release|Any CPU
		{E46BF5FC-79E3-4D07-AD15-4F214656F254}.Release|Any CPU.Build.0 = Release|Any CPU
		{63948352-48E6-4CAF-A161-C4D16227D065}.Debug|Any CPU.ActiveCfg = Debug|Any CPU
		{63948352-48E6-4CAF-A161-C4D16227D065}.Debug|Any CPU.Build.0 = Debug|Any CPU
		{63948352-48E6-4CAF-A161-C4D16227D065}.Release|Any CPU.ActiveCfg = Release|Any CPU
		{63948352-48E6-4CAF-A161-C4D16227D065}.Release|Any CPU.Build.0 = Release|Any CPU
		{74576902-BE75-447E-9606-55403F1449F2}.Debug|Any CPU.ActiveCfg = Debug|Any CPU
		{74576902-BE75-447E-9606-55403F1449F2}.Debug|Any CPU.Build.0 = Debug|Any CPU
		{74576902-BE75-447E-9606-55403F1449F2}.Release|Any CPU.ActiveCfg = Release|Any CPU
		{74576902-BE75-447E-9606-55403F1449F2}.Release|Any CPU.Build.0 = Release|Any CPU
	EndGlobalSection
	GlobalSection(SolutionProperties) = preSolution
		HideSolutionNode = FALSE
	EndGlobalSection
	GlobalSection(ExtensibilityGlobals) = postSolution
		SolutionGuid = {70599AD9-8A33-4BF7-BE78-C024AC1033A0}
	EndGlobalSection
EndGlobal
